{
  "name": "@eggie-admin/luhm-os-forge",
  "version": "1.0.10",
  "lockfileVersion": 3,
  "requires": true,
  "packages": {
    "": {
      "name": "@eggie-admin/luhm-os-forge",
      "version": "1.0.10",
      "engines": {
        "node": ">=24 <25",
        "npm": ">=11 <12",
        "python": ">=3.14 <3.15"
      }
    }
  }
}
